
Microsoft Visual Studio Solution File, Format Version 12.00
# Visual Studio Version 16
VisualStudioVersion = 16.0.29020.237
MinimumVisualStudioVersion = 10.0.40219.1
Project("{FAE04EC0-301F-11D3-BF4B-00C04F79EFBC}") = "AspNetCorePipeSample", "AspNetCorePipeSample\AspNetCorePipeSample.csproj", "{6FF7C95B-71E2-4504-A65F-281BC2E0A528}"
EndProject
Global
	GlobalSection(SolutionConfigurationPlatforms) = preSolution
		Debug|Any CPU = Debug|Any CPU
		Release|Any CPU = Release|Any CPU
	EndGlobalSection
	GlobalSection(ProjectConfigurationPlatforms) = postSolution
		{6FF7C95B-71E2-4504-A65F-281BC2E0A528}.Debug|Any CPU.ActiveCfg = Debug|Any CPU
		{6FF7C95B-71E2-4504-A65F-281BC2E0A528}.Debug|Any CPU.Build.0 = Debug|Any CPU
		{6FF7C95B-71E2-4504-A65F-281BC2E0A528}.Release|Any CPU.ActiveCfg = Release|Any CPU
		{6FF7C95B-71E2-4504-A65F-281BC2E0A528}.Release|Any CPU.Build.0 = Release|Any CPU
	EndGlobalSection
	GlobalSection(SolutionProperties) = preSolution
		HideSolutionNode = FALSE
	EndGlobalSection
	GlobalSection(ExtensibilityGlobals) = postSolution
		SolutionGuid = {55A264AF-D791-4415-9941-8448250F4D50}
	EndGlobalSection
EndGlobal
